
Microsoft Visual Studio Solution File, Format Version 12.00
# Visual Studio Version 16
VisualStudioVersion = 16.0.31624.102
MinimumVisualStudioVersion = 10.0.40219.1
Project("{9A19103F-16F7-4668-BE54-9A1E7A4F7556}") = "AspNetCoreApiTestTemplate.WebApi", "AspNetCoreApiTestTemplate.WebApi\AspNetCoreApiTestTemplate.WebApi.csproj", "{487B8F5F-177A-407F-B7D5-BA8E1CA07C80}"
EndProject
Project("{9A19103F-16F7-4668-BE54-9A1E7A4F7556}") = "AspNetCoreApiTestTemplate.Data", "AspNetCoreApiTestTemplate.Data\AspNetCoreApiTestTemplate.Data.csproj", "{4C5CAC61-8597-4F96-8B54-1B9D33327D1C}"
EndProject
Global
	GlobalSection(SolutionConfigurationPlatforms) = preSolution
		Debug|Any CPU = Debug|Any CPU
		Release|Any CPU = Release|Any CPU
	EndGlobalSection
	GlobalSection(ProjectConfigurationPlatforms) = postSolution
		{487B8F5F-177A-407F-B7D5-BA8E1CA07C80}.Debug|Any CPU.ActiveCfg = Debug|Any CPU
		{487B8F5F-177A-407F-B7D5-BA8E1CA07C80}.Debug|Any CPU.Build.0 = Debug|Any CPU
		{487B8F5F-177A-407F-B7D5-BA8E1CA07C80}.Release|Any CPU.ActiveCfg = Release|Any CPU
		{487B8F5F-177A-407F-B7D5-BA8E1CA07C80}.Release|Any CPU.Build.0 = Release|Any CPU
		{4C5CAC61-8597-4F96-8B54-1B9D33327D1C}.Debug|Any CPU.ActiveCfg = Debug|Any CPU
		{4C5CAC61-8597-4F96-8B54-1B9D33327D1C}.Debug|Any CPU.Build.0 = Debug|Any CPU
		{4C5CAC61-8597-4F96-8B54-1B9D33327D1C}.Release|Any CPU.ActiveCfg = Release|Any CPU
		{4C5CAC61-8597-4F96-8B54-1B9D33327D1C}.Release|Any CPU.Build.0 = Release|Any CPU
	EndGlobalSection
	GlobalSection(SolutionProperties) = preSolution
		HideSolutionNode = FALSE
	EndGlobalSection
	GlobalSection(ExtensibilityGlobals) = postSolution
		SolutionGuid = {F9724C83-68C5-4CED-80B8-5342E67A5567}
	EndGlobalSection
EndGlobal
